
Microsoft Visual Studio Solution File, Format Version 12.00
# Visual Studio Version 17
VisualStudioVersion = 17.6.33723.286
MinimumVisualStudioVersion = 10.0.40219.1
Project("{FAE04EC0-301F-11D3-BF4B-00C04F79EFBC}") = "P1.SmallestOfThreeNumbers", "P1.SmallestOfThreeNumbers\P1.SmallestOfThreeNumbers.csproj", "{3C84EC47-559F-4C32-820A-1C3AF85E02A0}"
EndProject
Project("{FAE04EC0-301F-11D3-BF4B-00C04F79EFBC}") = "P2.VowelsCount", "P2.VowelsCount\P2.VowelsCount.csproj", "{8BFFD2F3-3C6D-4AF6-B499-286DF7D747CE}"
EndProject
Global
	GlobalSection(SolutionConfigurationPlatforms) = preSolution
		Debug|Any CPU = Debug|Any CPU
		Release|Any CPU = Release|Any CPU
	EndGlobalSection
	GlobalSection(ProjectConfigurationPlatforms) = postSolution
		{3C84EC47-559F-4C32-820A-1C3AF85E02A0}.Debug|Any CPU.ActiveCfg = Debug|Any CPU
		{3C84EC47-559F-4C32-820A-1C3AF85E02A0}.Debug|Any CPU.Build.0 = Debug|Any CPU
		{3C84EC47-559F-4C32-820A-1C3AF85E02A0}.Release|Any CPU.ActiveCfg = Release|Any CPU
		{3C84EC47-559F-4C32-820A-1C3AF85E02A0}.Release|Any CPU.Build.0 = Release|Any CPU
		{8BFFD2F3-3C6D-4AF6-B499-286DF7D747CE}.Debug|Any CPU.ActiveCfg = Debug|Any CPU
		{8BFFD2F3-3C6D-4AF6-B499-286DF7D747CE}.Debug|Any CPU.Build.0 = Debug|Any CPU
		{8BFFD2F3-3C6D-4AF6-B499-286DF7D747CE}.Release|Any CPU.ActiveCfg = Release|Any CPU
		{8BFFD2F3-3C6D-4AF6-B499-286DF7D747CE}.Release|Any CPU.Build.0 = Release|Any CPU
	EndGlobalSection
	GlobalSection(SolutionProperties) = preSolution
		HideSolutionNode = FALSE
	EndGlobalSection
	GlobalSection(ExtensibilityGlobals) = postSolution
		SolutionGuid = {DF74076D-D5A1-4A3D-BC43-B9EA874A4476}
	EndGlobalSection
EndGlobal
